{
  "name": "demo",
  "lockfileVersion": 3,
  "requires": true,
  "packages": {
    "": {
      "dependencies": {
        "rd": "^2.0.1"
      }
    },
    "node_modules/@types/node": {
      "version": "10.17.60",
      "resolved": "https://registry.npmjs.org/@types/node/-/node-10.17.60.tgz",
      "integrity": "sha512-F0KIgDJfy2nA3zMLmWGKxcH2ZVEtCZXHHdOQs2gSaQ27+lNeEfGxzkIw90aXswATX7AZ33tahPbzy6KAfUreVw=="
    },
    "node_modules/rd": {
      "version": "2.0.1",
      "resolved": "https://registry.npmjs.org/rd/-/rd-2.0.1.tgz",
      "integrity": "sha512-/XdKU4UazUZTXFmI0dpABt8jSXPWcEyaGdk340KdHnsEOdkTctlX23aAK7ChQDn39YGNlAJr1M5uvaKt4QnpNw==",
      "dependencies": {
        "@types/node": "^10.3.6"
      }
    }
  }
}
